
Microsoft Visual Studio Solution File, Format Version 12.00
# Visual Studio 15
VisualStudioVersion = 15.0.28307.271
MinimumVisualStudioVersion = 10.0.40219.1
Project("{FAE04EC0-301F-11D3-BF4B-00C04F79EFBC}") = "FTP", "FTP\FTP.csproj", "{F6BFF01F-3A97-4F22-821C-0CC3B128A66A}"
EndProject
Global
	GlobalSection(SolutionConfigurationPlatforms) = preSolution
		Debug|Any CPU = Debug|Any CPU
		Release|Any CPU = Release|Any CPU
	EndGlobalSection
	GlobalSection(ProjectConfigurationPlatforms) = postSolution
		{F6BFF01F-3A97-4F22-821C-0CC3B128A66A}.Debug|Any CPU.ActiveCfg = Debug|Any CPU
		{F6BFF01F-3A97-4F22-821C-0CC3B128A66A}.Debug|Any CPU.Build.0 = Debug|Any CPU
		{F6BFF01F-3A97-4F22-821C-0CC3B128A66A}.Release|Any CPU.ActiveCfg = Release|Any CPU
		{F6BFF01F-3A97-4F22-821C-0CC3B128A66A}.Release|Any CPU.Build.0 = Release|Any CPU
	EndGlobalSection
	GlobalSection(SolutionProperties) = preSolution
		HideSolutionNode = FALSE
	EndGlobalSection
	GlobalSection(ExtensibilityGlobals) = postSolution
		SolutionGuid = {F92B08EB-E93F-4E13-988B-F0DB2B9CB5DA}
	EndGlobalSection
EndGlobal
